// !$*UTF8*$!
{
	archiveVersion = 1;
	classes = {
	};
	objectVersion = 50;
	objects = {

/* Begin PBXBuildFile section */
		FA361010254C9F0800B8CE26 /* AppDelegate.swift in Sources */ = {isa = PBXBuildFile; fileRef = FA36100F254C9F0800B8CE26 /* AppDelegate.swift */; };
		FA361012254C9F0800B8CE26 /* art.scnassets in Resources */ = {isa = PBXBuildFile; fileRef = FA361011254C9F0800B8CE26 /* art.scnassets */; };
		FA361014254C9F0800B8CE26 /* ViewController.swift in Sources */ = {isa = PBXBuildFile; fileRef = FA361013254C9F0800B8CE26 /* ViewController.swift */; };
		FA361017254C9F0800B8CE26 /* Main.storyboard in Resources */ = {isa = PBXBuildFile; fileRef = FA361015254C9F0800B8CE26 /* Main.storyboard */; };
		FA361019254C9F0900B8CE26 /* Assets.xcassets in Resources */ = {isa = PBXBuildFile; fileRef = FA361018254C9F0900B8CE26 /* Assets.xcassets */; };
		FA36101C254C9F0900B8CE26 /* LaunchScreen.storyboard in Resources */ = {isa = PBXBuildFile; fileRef = FA36101A254C9F0900B8CE26 /* LaunchScreen.storyboard */; };
		FA361025254C9F2C00B8CE26 /* harrypotter.mp4 in Resources */ = {isa = PBXBuildFile; fileRef = FA361024254C9F2C00B8CE26 /* harrypotter.mp4 */; };
		FAAC3B502556C0ED004CFC26 /* Daily Prophet.jpg in Resources */ = {isa = PBXBuildFile; fileRef = FAAC3B4F2556C0ED004CFC26 /* Daily Prophet.jpg */; };
/* End PBXBuildFile section */

/* Begin PBXFileReference section */
		FA36100C254C9F0800B8CE26 /* MagicPaper.app */ = {isa = PBXFileReference; explicitFileType = wrapper.application; includeInIndex = 0; path = MagicPaper.app; sourceTree = BUILT_PRODUCTS_DIR; };
		FA36100F254C9F0800B8CE26 /* AppDelegate.swift */ = {isa = PBXFileReference; lastKnownFileType = sourcecode.swift; path = AppDelegate.swift; sourceTree = "<group>"; };
		FA361011254C9F0800B8CE26 /* art.scnassets */ = {isa = PBXFileReference; lastKnownFileType = wrapper.scnassets; path = art.scnassets; sourceTree = "<group>"; };
		FA361013254C9F0800B8CE26 /* ViewController.swift */ = {isa = PBXFileReference; lastKnownFileType = sourcecode.swift; path = ViewController.swift; sourceTree = "<group>"; };
		FA361016254C9F0800B8CE26 /* Base */ = {isa = PBXFileReference; lastKnownFileType = file.storyboard; name = Base; path = Base.lproj/Main.storyboard; sourceTree = "<group>"; };
		FA361018254C9F0900B8CE26 /* Assets.xcassets */ = {isa = PBXFileReference; lastKnownFileType = folder.assetcatalog; path = Assets.xcassets; sourceTree = "<group>"; };
		FA36101B254C9F0900B8CE26 /* Base */ = {isa = PBXFileReference; lastKnownFileType = file.storyboard; name = Base; path = Base.lproj/LaunchScreen.storyboard; sourceTree = "<group>"; };
		FA36101D254C9F0900B8CE26 /* Info.plist */ = {isa = PBXFileReference; lastKnownFileType = text.plist.xml; path = Info.plist; sourceTree = "<group>"; };
		FA361024254C9F2C00B8CE26 /* harrypotter.mp4 */ = {isa = PBXFileReference; lastKnownFileType = file; path = harrypotter.mp4; sourceTree = "<group>"; };
		FAAC3B4F2556C0ED004CFC26 /* Daily Prophet.jpg */ = {isa = PBXFileReference; lastKnownFileType = image.jpeg; path = "Daily Prophet.jpg"; sourceTree = "<group>"; };
/* End PBXFileReference section */

/* Begin PBXFrameworksBuildPhase section */
		FA361009254C9F0800B8CE26 /* Frameworks */ = {
			isa = PBXFrameworksBuildPhase;
			buildActionMask = 2147483647;
			files = (
			);
			runOnlyForDeploymentPostprocessing = 0;
		};
/* End PBXFrameworksBuildPhase section */

/* Begin PBXGroup section */
		FA361003254C9F0800B8CE26 = {
			isa = PBXGroup;
			children = (
				FA36100E254C9F0800B8CE26 /* MagicPaper */,
				FA36100D254C9F0800B8CE26 /* Products */,
			);
			sourceTree = "<group>";
		};
		FA36100D254C9F0800B8CE26 /* Products */ = {
			isa = PBXGroup;
			children = (
				FA36100C254C9F0800B8CE26 /* MagicPaper.app */,
			);
			name = Products;
			sourceTree = "<group>";
		};
		FA36100E254C9F0800B8CE26 /* MagicPaper */ = {
			isa = PBXGroup;
			children = (
				FA36100F254C9F0800B8CE26 /* AppDelegate.swift */,
				FA361024254C9F2C00B8CE26 /* harrypotter.mp4 */,
				FA361011254C9F0800B8CE26 /* art.scnassets */,
				FA361013254C9F0800B8CE26 /* ViewController.swift */,
				FA361015254C9F0800B8CE26 /* Main.storyboard */,
				FA361018254C9F0900B8CE26 /* Assets.xcassets */,
				FA36101A254C9F0900B8CE26 /* LaunchScreen.storyboard */,
				FA36101D254C9F0900B8CE26 /* Info.plist */,
				FAAC3B4F2556C0ED004CFC26 /* Daily Prophet.jpg */,
			);
			path = MagicPaper;
			sourceTree = "<group>";
		};
/* End PBXGroup section */

/* Begin PBXNativeTarget section */
		FA36100B254C9F0800B8CE26 /* MagicPaper */ = {
			isa = PBXNativeTarget;
			buildConfigurationList = FA361020254C9F0900B8CE26 /* Build configuration list for PBXNativeTarget "MagicPaper" */;
			buildPhases = (
				FA361008254C9F0800B8CE26 /* Sources */,
				FA361009254C9F0800B8CE26 /* Frameworks */,
				FA36100A254C9F0800B8CE26 /* Resources */,
			);
			buildRules = (
			);
			dependencies = (
			);
			name = MagicPaper;
			productName = MagicPaper;
			productReference = FA36100C254C9F0800B8CE26 /* MagicPaper.app */;
			productType = "com.apple.product-type.application";
		};
/* End PBXNativeTarget section */

/* Begin PBXProject section */
		FA361004254C9F0800B8CE26 /* Project object */ = {
			isa = PBXProject;
			attributes = {
				LastSwiftUpdateCheck = 1210;
				LastUpgradeCheck = 1210;
				TargetAttributes = {
					FA36100B254C9F0800B8CE26 = {
						CreatedOnToolsVersion = 12.1;
					};
				};
			};
			buildConfigurationList = FA361007254C9F0800B8CE26 /* Build configuration list for PBXProject "MagicPaper" */;
			compatibilityVersion = "Xcode 9.3";
			developmentRegion = en;
			hasScannedForEncodings = 0;
			knownRegions = (
				en,
				Base,
			);
			mainGroup = FA361003254C9F0800B8CE26;
			productRefGroup = FA36100D254C9F0800B8CE26 /* Products */;
			projectDirPath = "";
			projectRoot = "";
			targets = (
				FA36100B254C9F0800B8CE26 /* MagicPaper */,
			);
		};
/* End PBXProject section */

/* Begin PBXResourcesBuildPhase section */
		FA36100A254C9F0800B8CE26 /* Resources */ = {
			isa = PBXResourcesBuildPhase;
			buildActionMask = 2147483647;
			files = (
				FA361012254C9F0800B8CE26 /* art.scnassets in Resources */,
				FA36101C254C9F0900B8CE26 /* LaunchScreen.storyboard in Resources */,
				FA361025254C9F2C00B8CE26 /* harrypotter.mp4 in Resources */,
				FA361019254C9F0900B8CE26 /* Assets.xcassets in Resources */,
				FA361017254C9F0800B8CE26 /* Main.storyboard in Resources */,
				FAAC3B502556C0ED004CFC26 /* Daily Prophet.jpg in Resources */,
			);
			runOnlyForDeploymentPostprocessing = 0;
		};
/* End PBXResourcesBuildPhase section */

/* Begin PBXSourcesBuildPhase section */
		FA361008254C9F0800B8CE26 /* Sources */ = {
			isa = PBXSourcesBuildPhase;
			buildActionMask = 2147483647;
			files = (
				FA361014254C9F0800B8CE26 /* ViewController.swift in Sources */,
				FA361010254C9F0800B8CE26 /* AppDelegate.swift in Sources */,
			);
			runOnlyForDeploymentPostprocessing = 0;
		};
/* End PBXSourcesBuildPhase section */

/* Begin PBXVariantGroup section */
		FA361015254C9F0800B8CE26 /* Main.storyboard */ = {
			isa = PBXVariantGroup;
			children = (
				FA361016254C9F0800B8CE26 /* Base */,
			);
			name = Main.storyboard;
			sourceTree = "<group>";
		};
		FA36101A254C9F0900B8CE26 /* LaunchScreen.storyboard */ = {
			isa = PBXVariantGroup;
			children = (
				FA36101B254C9F0900B8CE26 /* Base */,
			);
			name = LaunchScreen.storyboard;
			sourceTree = "<group>";
		};
/* End PBXVariantGroup section */

/* Begin XCBuildConfiguration section */
		FA36101E254C9F0900B8CE26 /* Debug */ = {
			isa = XCBuildConfiguration;
			buildSettings = {
				ALWAYS_SEARCH_USER_PATHS = NO;
				CLANG_ANALYZER_NONNULL = YES;
				CLANG_ANALYZER_NUMBER_OBJECT_CONVERSION = YES_AGGRESSIVE;
				CLANG_CXX_LANGUAGE_STANDARD = "gnu++14";
				CLANG_CXX_LIBRARY = "libc++";
				CLANG_ENABLE_MODULES = YES;
				CLANG_ENABLE_OBJC_ARC = YES;
				CLANG_ENABLE_OBJC_WEAK = YES;
				CLANG_WARN_BLOCK_CAPTURE_AUTORELEASING = YES;
				CLANG_WARN_BOOL_CONVERSION = YES;
				CLANG_WARN_COMMA = YES;
				CLANG_WARN_CONSTANT_CONVERSION = YES;
				CLANG_WARN_DEPRECATED_OBJC_IMPLEMENTATIONS = YES;
				CLANG_WARN_DIRECT_OBJC_ISA_USAGE = YES_ERROR;
				CLANG_WARN_DOCUMENTATION_COMMENTS = YES;
				CLANG_WARN_EMPTY_BODY = YES;
				CLANG_WARN_ENUM_CONVERSION = YES;
				CLANG_WARN_INFINITE_RECURSION = YES;
				CLANG_WARN_INT_CONVERSION = YES;
				CLANG_WARN_NON_LITERAL_NULL_CONVERSION = YES;
				CLANG_WARN_OBJC_IMPLICIT_RETAIN_SELF = YES;
				CLANG_WARN_OBJC_LITERAL_CONVERSION = YES;
				CLANG_WARN_OBJC_ROOT_CLASS = YES_ERROR;
				CLANG_WARN_QUOTED_INCLUDE_IN_FRAMEWORK_HEADER = YES;
				CLANG_WARN_RANGE_LOOP_ANALYSIS = YES;
				CLANG_WARN_STRICT_PROTOTYPES = YES;
				CLANG_WARN_SUSPICIOUS_MOVE = YES;
				CLANG_WARN_UNGUARDED_AVAILABILITY = YES_AGGRESSIVE;
				CLANG_WARN_UNREACHABLE_CODE = YES;
				CLANG_WARN__DUPLICATE_METHOD_MATCH = YES;
				COPY_PHASE_STRIP = NO;
				DEBUG_INFORMATION_FORMAT = dwarf;
				ENABLE_STRICT_OBJC_MSGSEND = YES;
				ENABLE_TESTABILITY = YES;
				GCC_C_LANGUAGE_STANDARD = gnu11;
				GCC_DYNAMIC_NO_PIC = NO;
				GCC_NO_COMMON_BLOCKS = YES;
				GCC_OPTIMIZATION_LEVEL = 0;
				GCC_PREPROCESSOR_DEFINITIONS = (
					"DEBUG=1",
					"$(inherited)",
				);
				GCC_WARN_64_TO_32_BIT_CONVERSION = YES;
				GCC_WARN_ABOUT_RETURN_TYPE = YES_ERROR;
				GCC_WARN_UNDECLARED_SELECTOR = YES;
				GCC_WARN_UNINITIALIZED_AUTOS = YES_AGGRESSIVE;
				GCC_WARN_UNUSED_FUNCTION = YES;
				GCC_WARN_UNUSED_VARIABLE = YES;
				IPHONEOS_DEPLOYMENT_TARGET = 14.1;
				MTL_ENABLE_DEBUG_INFO = INCLUDE_SOURCE;
				MTL_FAST_MATH = YES;
				ONLY_ACTIVE_ARCH = YES;
				SDKROOT = iphoneos;
				SWIFT_ACTIVE_COMPILATION_CONDITIONS = DEBUG;
				SWIFT_OPTIMIZATION_LEVEL = "-Onone";
			};
			name = Debug;
		};
		FA36101F254C9F0900B8CE26 /* Release */ = {
			isa = XCBuildConfiguration;
			buildSettings = {
				ALWAYS_SEARCH_USER_PATHS = NO;
				CLANG_ANALYZER_NONNULL = YES;
				CLANG_ANALYZER_NUMBER_OBJECT_CONVERSION = YES_AGGRESSIVE;
				CLANG_CXX_LANGUAGE_STANDARD = "gnu++14";
				CLANG_CXX_LIBRARY = "libc++";
				CLANG_ENABLE_MODULES = YES;
				CLANG_ENABLE_OBJC_ARC = YES;
				CLANG_ENABLE_OBJC_WEAK = YES;
				CLANG_WARN_BLOCK_CAPTURE_AUTORELEASING = YES;
				CLANG_WARN_BOOL_CONVERSION = YES;
				CLANG_WARN_COMMA = YES;
				CLANG_WARN_CONSTANT_CONVERSION = YES;
				CLANG_WARN_DEPRECATED_OBJC_IMPLEMENTATIONS = YES;
				CLANG_WARN_DIRECT_OBJC_ISA_USAGE = YES_ERROR;
				CLANG_WARN_DOCUMENTATION_COMMENTS = YES;
				CLANG_WARN_EMPTY_BODY = YES;
				CLANG_WARN_ENUM_CONVERSION = YES;
				CLANG_WARN_INFINITE_RECURSION = YES;
				CLANG_WARN_INT_CONVERSION = YES;
				CLANG_WARN_NON_LITERAL_NULL_CONVERSION = YES;
				CLANG_WARN_OBJC_IMPLICIT_RETAIN_SELF = YES;
				CLANG_WARN_OBJC_LITERAL_CONVERSION = YES;
				CLANG_WARN_OBJC_ROOT_CLASS = YES_ERROR;
				CLANG_WARN_QUOTED_INCLUDE_IN_FRAMEWORK_HEADER = YES;
				CLANG_WARN_RANGE_LOOP_ANALYSIS = YES;
				CLANG_WARN_STRICT_PROTOTYPES = YES;
				CLANG_WARN_SUSPICIOUS_MOVE = YES;
				CLANG_WARN_UNGUARDED_AVAILABILITY = YES_AGGRESSIVE;
				CLANG_WARN_UNREACHABLE_CODE = YES;
				CLANG_WARN__DUPLICATE_METHOD_MATCH = YES;
				COPY_PHASE_STRIP = NO;
				DEBUG_INFORMATION_FORMAT = "dwarf-with-dsym";
				ENABLE_NS_ASSERTIONS = NO;
				ENABLE_STRICT_OBJC_MSGSEND = YES;
				GCC_C_LANGUAGE_STANDARD = gnu11;
				GCC_NO_COMMON_BLOCKS = YES;
				GCC_WARN_64_TO_32_BIT_CONVERSION = YES;
				GCC_WARN_ABOUT_RETURN_TYPE = YES_ERROR;
				GCC_WARN_UNDECLARED_SELECTOR = YES;
				GCC_WARN_UNINITIALIZED_AUTOS = YES_AGGRESSIVE;
				GCC_WARN_UNUSED_FUNCTION = YES;
				GCC_WARN_UNUSED_VARIABLE = YES;
				IPHONEOS_DEPLOYMENT_TARGET = 14.1;
				MTL_ENABLE_DEBUG_INFO = NO;
				MTL_FAST_MATH = YES;
				SDKROOT = iphoneos;
				SWIFT_COMPILATION_MODE = wholemodule;
				SWIFT_OPTIMIZATION_LEVEL = "-O";
				VALIDATE_PRODUCT = YES;
			};
			name = Release;
		};
		FA361021254C9F0900B8CE26 /* Debug */ = {
			isa = XCBuildConfiguration;
			buildSettings = {
				ASSETCATALOG_COMPILER_APPICON_NAME = AppIcon;
				ASSETCATALOG_COMPILER_GLOBAL_ACCENT_COLOR_NAME = AccentColor;
				CODE_SIGN_STYLE = Automatic;
				DEVELOPMENT_TEAM = PFW47A2H9H;
				INFOPLIST_FILE = MagicPaper/Info.plist;
				LD_RUNPATH_SEARCH_PATHS = (
					"$(inherited)",
					"@executable_path/Frameworks",
				);
				PRODUCT_BUNDLE_IDENTIFIER = vetaloff.MagicPaper;
				PRODUCT_NAME = "$(TARGET_NAME)";
				SWIFT_VERSION = 5.0;
				TARGETED_DEVICE_FAMILY = "1,2";
			};
			name = Debug;
		};
		FA361022254C9F0900B8CE26 /* Release */ = {
			isa = XCBuildConfiguration;
			buildSettings = {
				ASSETCATALOG_COMPILER_APPICON_NAME = AppIcon;
				ASSETCATALOG_COMPILER_GLOBAL_ACCENT_COLOR_NAME = AccentColor;
				CODE_SIGN_STYLE = Automatic;
				DEVELOPMENT_TEAM = PFW47A2H9H;
				INFOPLIST_FILE = MagicPaper/Info.plist;
				LD_RUNPATH_SEARCH_PATHS = (
					"$(inherited)",
					"@executable_path/Frameworks",
				);
				PRODUCT_BUNDLE_IDENTIFIER = vetaloff.MagicPaper;
				PRODUCT_NAME = "$(TARGET_NAME)";
				SWIFT_VERSION = 5.0;
				TARGETED_DEVICE_FAMILY = "1,2";
			};
			name = Release;
		};
/* End XCBuildConfiguration section */

/* Begin XCConfigurationList section */
		FA361007254C9F0800B8CE26 /* Build configuration list for PBXProject "MagicPaper" */ = {
			isa = XCConfigurationList;
			buildConfigurations = (
				FA36101E254C9F0900B8CE26 /* Debug */,
				FA36101F254C9F0900B8CE26 /* Release */,
			);
			defaultConfigurationIsVisible = 0;
			defaultConfigurationName = Release;
		};
		FA361020254C9F0900B8CE26 /* Build configuration list for PBXNativeTarget "MagicPaper" */ = {
			isa = XCConfigurationList;
			buildConfigurations = (
				FA361021254C9F0900B8CE26 /* Debug */,
				FA361022254C9F0900B8CE26 /* Release */,
			);
			defaultConfigurationIsVisible = 0;
			defaultConfigurationName = Release;
		};
/* End XCConfigurationList section */
	};
	rootObject = FA361004254C9F0800B8CE26 /* Project object */;
}
